
Microsoft Visual Studio Solution File, Format Version 12.00
# Visual Studio Version 17
VisualStudioVersion = 17.10.35013.160
MinimumVisualStudioVersion = 10.0.40219.1
Project("{2150E333-8FDC-42A3-9474-1A3956D46DE8}") = "src", "src", "{FC67DCEB-AE97-4682-B4F5-BD36DFF8B47C}"
EndProject
Project("{2150E333-8FDC-42A3-9474-1A3956D46DE8}") = "test", "test", "{48B2A609-7C56-4D69-8522-F830943C6F39}"
EndProject
Project("{2150E333-8FDC-42A3-9474-1A3956D46DE8}") = "Core", "Core", "{EFD80B2F-E020-4901-9AC8-28A13D9D1639}"
EndProject
Project("{2150E333-8FDC-42A3-9474-1A3956D46DE8}") = "APIs", "APIs", "{16006A6F-0B01-46FD-9050-F9FF1B2162F2}"
EndProject
Project("{2150E333-8FDC-42A3-9474-1A3956D46DE8}") = "Infrastruture", "Infrastruture", "{F666AD9C-6CFF-43C1-907B-DC1B88558E6A}"
EndProject
Project("{2150E333-8FDC-42A3-9474-1A3956D46DE8}") = "UI", "UI", "{ECB1E3D3-6F99-4E18-823E-8EEFF9CFD057}"
EndProject
Project("{2150E333-8FDC-42A3-9474-1A3956D46DE8}") = "Client", "Client", "{05B0C4B8-3F5E-4DA6-A197-56150850A085}"
EndProject
Project("{2150E333-8FDC-42A3-9474-1A3956D46DE8}") = "Dashboard", "Dashboard", "{0547363F-5939-4EA5-9C8A-D22193F4F928}"
EndProject
Project("{FAE04EC0-301F-11D3-BF4B-00C04F79EFBC}") = "LinkDev.Talabat.APIs", "LinkDev.Talabat.APIs\LinkDev.Talabat.APIs.csproj", "{29AA9873-6928-4098-9BE7-544768E210EF}"
EndProject
Global
	GlobalSection(SolutionConfigurationPlatforms) = preSolution
		Debug|Any CPU = Debug|Any CPU
		Release|Any CPU = Release|Any CPU
	EndGlobalSection
	GlobalSection(ProjectConfigurationPlatforms) = postSolution
		{29AA9873-6928-4098-9BE7-544768E210EF}.Debug|Any CPU.ActiveCfg = Debug|Any CPU
		{29AA9873-6928-4098-9BE7-544768E210EF}.Debug|Any CPU.Build.0 = Debug|Any CPU
		{29AA9873-6928-4098-9BE7-544768E210EF}.Release|Any CPU.ActiveCfg = Release|Any CPU
		{29AA9873-6928-4098-9BE7-544768E210EF}.Release|Any CPU.Build.0 = Release|Any CPU
	EndGlobalSection
	GlobalSection(SolutionProperties) = preSolution
		HideSolutionNode = FALSE
	EndGlobalSection
	GlobalSection(NestedProjects) = preSolution
		{EFD80B2F-E020-4901-9AC8-28A13D9D1639} = {FC67DCEB-AE97-4682-B4F5-BD36DFF8B47C}
		{16006A6F-0B01-46FD-9050-F9FF1B2162F2} = {FC67DCEB-AE97-4682-B4F5-BD36DFF8B47C}
		{F666AD9C-6CFF-43C1-907B-DC1B88558E6A} = {FC67DCEB-AE97-4682-B4F5-BD36DFF8B47C}
		{ECB1E3D3-6F99-4E18-823E-8EEFF9CFD057} = {FC67DCEB-AE97-4682-B4F5-BD36DFF8B47C}
		{05B0C4B8-3F5E-4DA6-A197-56150850A085} = {ECB1E3D3-6F99-4E18-823E-8EEFF9CFD057}
		{0547363F-5939-4EA5-9C8A-D22193F4F928} = {ECB1E3D3-6F99-4E18-823E-8EEFF9CFD057}
		{29AA9873-6928-4098-9BE7-544768E210EF} = {16006A6F-0B01-46FD-9050-F9FF1B2162F2}
	EndGlobalSection
	GlobalSection(ExtensibilityGlobals) = postSolution
		SolutionGuid = {E9A51602-C48D-4C5E-B7F7-76E2758F7D74}
	EndGlobalSection
EndGlobal
